
Microsoft Visual Studio Solution File, Format Version 12.00
# Visual Studio Version 16
VisualStudioVersion = 16.0.30804.86
MinimumVisualStudioVersion = 10.0.40219.1
Project("{FAE04EC0-301F-11D3-BF4B-00C04F79EFBC}") = "Sandbox.Data", "Sandbox.Data\Sandbox.Data.csproj", "{BB9B7748-583C-4FD6-9FDA-7537A548F51C}"
EndProject
Project("{FAE04EC0-301F-11D3-BF4B-00C04F79EFBC}") = "Sandbox.API", "Sandbox.API\Sandbox.API.csproj", "{34883A8E-2D21-4735-A1B8-BABC21F4D2B5}"
EndProject
Project("{FAE04EC0-301F-11D3-BF4B-00C04F79EFBC}") = "Sandbox.Business", "Sandbox.Business\Sandbox.Business.csproj", "{C7251455-EF3A-447E-9390-732CD3AE4DF4}"
EndProject
Project("{FAE04EC0-301F-11D3-BF4B-00C04F79EFBC}") = "Sandbox.API.UnitTest", "Sandbox.API.Test\Sandbox.API.UnitTest.csproj", "{082CC1E3-61FC-4456-AB36-127B904F35DD}"
EndProject
Project("{FAE04EC0-301F-11D3-BF4B-00C04F79EFBC}") = "Sandbox.Business.UnitTest", "Sandbox.Business.Test\Sandbox.Business.UnitTest.csproj", "{C32585B8-1D2D-4C20-8B35-EA2117C0DB42}"
EndProject
Project("{FAE04EC0-301F-11D3-BF4B-00C04F79EFBC}") = "Sandbox.Data.UnitTest", "Sandbox.Data.Test\Sandbox.Data.UnitTest.csproj", "{46D102F5-BA1C-4FC3-8720-ED7A849531C9}"
EndProject
Global
	GlobalSection(SolutionConfigurationPlatforms) = preSolution
		Debug|Any CPU = Debug|Any CPU
		Release|Any CPU = Release|Any CPU
	EndGlobalSection
	GlobalSection(ProjectConfigurationPlatforms) = postSolution
		{BB9B7748-583C-4FD6-9FDA-7537A548F51C}.Debug|Any CPU.ActiveCfg = Debug|Any CPU
		{BB9B7748-583C-4FD6-9FDA-7537A548F51C}.Debug|Any CPU.Build.0 = Debug|Any CPU
		{BB9B7748-583C-4FD6-9FDA-7537A548F51C}.Release|Any CPU.ActiveCfg = Release|Any CPU
		{BB9B7748-583C-4FD6-9FDA-7537A548F51C}.Release|Any CPU.Build.0 = Release|Any CPU
		{34883A8E-2D21-4735-A1B8-BABC21F4D2B5}.Debug|Any CPU.ActiveCfg = Debug|Any CPU
		{34883A8E-2D21-4735-A1B8-BABC21F4D2B5}.Debug|Any CPU.Build.0 = Debug|Any CPU
		{34883A8E-2D21-4735-A1B8-BABC21F4D2B5}.Release|Any CPU.ActiveCfg = Release|Any CPU
		{34883A8E-2D21-4735-A1B8-BABC21F4D2B5}.Release|Any CPU.Build.0 = Release|Any CPU
		{C7251455-EF3A-447E-9390-732CD3AE4DF4}.Debug|Any CPU.ActiveCfg = Debug|Any CPU
		{C7251455-EF3A-447E-9390-732CD3AE4DF4}.Debug|Any CPU.Build.0 = Debug|Any CPU
		{C7251455-EF3A-447E-9390-732CD3AE4DF4}.Release|Any CPU.ActiveCfg = Release|Any CPU
		{C7251455-EF3A-447E-9390-732CD3AE4DF4}.Release|Any CPU.Build.0 = Release|Any CPU
		{082CC1E3-61FC-4456-AB36-127B904F35DD}.Debug|Any CPU.ActiveCfg = Debug|Any CPU
		{082CC1E3-61FC-4456-AB36-127B904F35DD}.Debug|Any CPU.Build.0 = Debug|Any CPU
		{082CC1E3-61FC-4456-AB36-127B904F35DD}.Release|Any CPU.ActiveCfg = Release|Any CPU
		{082CC1E3-61FC-4456-AB36-127B904F35DD}.Release|Any CPU.Build.0 = Release|Any CPU
		{C32585B8-1D2D-4C20-8B35-EA2117C0DB42}.Debug|Any CPU.ActiveCfg = Debug|Any CPU
		{C32585B8-1D2D-4C20-8B35-EA2117C0DB42}.Debug|Any CPU.Build.0 = Debug|Any CPU
		{C32585B8-1D2D-4C20-8B35-EA2117C0DB42}.Release|Any CPU.ActiveCfg = Release|Any CPU
		{C32585B8-1D2D-4C20-8B35-EA2117C0DB42}.Release|Any CPU.Build.0 = Release|Any CPU
		{46D102F5-BA1C-4FC3-8720-ED7A849531C9}.Debug|Any CPU.ActiveCfg = Debug|Any CPU
		{46D102F5-BA1C-4FC3-8720-ED7A849531C9}.Debug|Any CPU.Build.0 = Debug|Any CPU
		{46D102F5-BA1C-4FC3-8720-ED7A849531C9}.Release|Any CPU.ActiveCfg = Release|Any CPU
		{46D102F5-BA1C-4FC3-8720-ED7A849531C9}.Release|Any CPU.Build.0 = Release|Any CPU
	EndGlobalSection
	GlobalSection(SolutionProperties) = preSolution
		HideSolutionNode = FALSE
	EndGlobalSection
	GlobalSection(ExtensibilityGlobals) = postSolution
		SolutionGuid = {467C2C96-09D6-40F3-BA3D-3312912E8473}
	EndGlobalSection
EndGlobal
